// !$*UTF8*$!
{
	archiveVersion = 1;
	classes = {
	};
	objectVersion = 60;
	objects = {

/* Begin PBXBuildFile section */
		5C1F6B4A2A9B0D3300E87DE2 /* OpenSkyFlightTrackerApp.swift in Sources */ = {isa = PBXBuildFile; fileRef = 5C1F6B492A9B0D3300E87DE2 /* OpenSkyFlightTrackerApp.swift */; };
		5C1F6B4C2A9B0D3300E87DE2 /* ContentView.swift in Sources */ = {isa = PBXBuildFile; fileRef = 5C1F6B4B2A9B0D3300E87DE2 /* ContentView.swift */; };
		5C1F6B4E2A9B0D3400E87DE2 /* Assets.xcassets in Resources */ = {isa = PBXBuildFile; fileRef = 5C1F6B4D2A9B0D3400E87DE2 /* Assets.xcassets */; };
		5C1F6B512A9B0D3400E87DE2 /* Preview Assets.xcassets in Resources */ = {isa = PBXBuildFile; fileRef = 5C1F6B502A9B0D3400E87DE2 /* Preview Assets.xcassets */; };
		5C1F6B5B2A9B0D3400E87DE2 /* OpenSkyFlightTrackerTests.swift in Sources */ = {isa = PBXBuildFile; fileRef = 5C1F6B5A2A9B0D3400E87DE2 /* OpenSkyFlightTrackerTests.swift */; };
		5C1F6B652A9B0D3400E87DE2 /* OpenSky_Flight_TrackerUITests.swift in Sources */ = {isa = PBXBuildFile; fileRef = 5C1F6B642A9B0D3400E87DE2 /* OpenSky_Flight_TrackerUITests.swift */; };
		5C1F6B672A9B0D3400E87DE2 /* OpenSky_Flight_TrackerUITestsLaunchTests.swift in Sources */ = {isa = PBXBuildFile; fileRef = 5C1F6B662A9B0D3400E87DE2 /* OpenSky_Flight_TrackerUITestsLaunchTests.swift */; };
		5C1F6B812A9FBFBE00E87DE2 /* ViewModel.swift in Sources */ = {isa = PBXBuildFile; fileRef = 5C1F6B802A9FBFBE00E87DE2 /* ViewModel.swift */; };
		5C1F6B832A9FCCE500E87DE2 /* MockOpenSkyServiceTests.swift in Sources */ = {isa = PBXBuildFile; fileRef = 5C1F6B822A9FCCE500E87DE2 /* MockOpenSkyServiceTests.swift */; };
		5C1F6B852A9FEEDB00E87DE2 /* Configuration.swift in Sources */ = {isa = PBXBuildFile; fileRef = 5C1F6B842A9FEEDB00E87DE2 /* Configuration.swift */; };
		5C1F6B872A9FF15D00E87DE2 /* ProdNetwork.xcconfig in Resources */ = {isa = PBXBuildFile; fileRef = 5C1F6B862A9FEFB300E87DE2 /* ProdNetwork.xcconfig */; };
		5C1F6BAB2AA14BA600E87DE2 /* MockURLProtocol.swift in Sources */ = {isa = PBXBuildFile; fileRef = 5C1F6BAA2AA14BA600E87DE2 /* MockURLProtocol.swift */; };
		5C9DD1322AB4BA390008A840 /* MapView.swift in Sources */ = {isa = PBXBuildFile; fileRef = 5C9DD1312AB4BA390008A840 /* MapView.swift */; };
		5C9DD1392AB4C78B0008A840 /* OpenSkyAPI in Frameworks */ = {isa = PBXBuildFile; productRef = 5C9DD1382AB4C78B0008A840 /* OpenSkyAPI */; };
		5C9DD13B2AB4D2050008A840 /* CLLocationProvider.swift in Sources */ = {isa = PBXBuildFile; fileRef = 5C9DD13A2AB4D2050008A840 /* CLLocationProvider.swift */; };
		5C9DD13E2AB4D36F0008A840 /* LoggerExtension.swift in Sources */ = {isa = PBXBuildFile; fileRef = 5C9DD13D2AB4D36F0008A840 /* LoggerExtension.swift */; };
		5C9DD1402AB5294A0008A840 /* CLExtensions.swift in Sources */ = {isa = PBXBuildFile; fileRef = 5C9DD13F2AB5294A0008A840 /* CLExtensions.swift */; };
		5C9DD1422AB7F2E10008A840 /* BundleExtension.swift in Sources */ = {isa = PBXBuildFile; fileRef = 5C9DD1412AB7F2E10008A840 /* BundleExtension.swift */; };
		5CF3BC4B2AA909AB00E83083 /* OpenSkyServiceTests.swift in Sources */ = {isa = PBXBuildFile; fileRef = 5CF3BC4A2AA909AB00E83083 /* OpenSkyServiceTests.swift */; };
/* End PBXBuildFile section */

/* Begin PBXContainerItemProxy section */
		5C1F6B572A9B0D3400E87DE2 /* PBXContainerItemProxy */ = {
			isa = PBXContainerItemProxy;
			containerPortal = 5C1F6B3E2A9B0D3300E87DE2 /* Project object */;
			proxyType = 1;
			remoteGlobalIDString = 5C1F6B452A9B0D3300E87DE2;
			remoteInfo = "OpenSky Flight Tracker";
		};
		5C1F6B612A9B0D3400E87DE2 /* PBXContainerItemProxy */ = {
			isa = PBXContainerItemProxy;
			containerPortal = 5C1F6B3E2A9B0D3300E87DE2 /* Project object */;
			proxyType = 1;
			remoteGlobalIDString = 5C1F6B452A9B0D3300E87DE2;
			remoteInfo = "OpenSky Flight Tracker";
		};
/* End PBXContainerItemProxy section */

/* Begin PBXFileReference section */
		5C1F6B462A9B0D3300E87DE2 /* OpenSkyFlightTracker.app */ = {isa = PBXFileReference; explicitFileType = wrapper.application; includeInIndex = 0; path = OpenSkyFlightTracker.app; sourceTree = BUILT_PRODUCTS_DIR; };
		5C1F6B492A9B0D3300E87DE2 /* OpenSkyFlightTrackerApp.swift */ = {isa = PBXFileReference; lastKnownFileType = sourcecode.swift; path = OpenSkyFlightTrackerApp.swift; sourceTree = "<group>"; };
		5C1F6B4B2A9B0D3300E87DE2 /* ContentView.swift */ = {isa = PBXFileReference; lastKnownFileType = sourcecode.swift; path = ContentView.swift; sourceTree = "<group>"; };
		5C1F6B4D2A9B0D3400E87DE2 /* Assets.xcassets */ = {isa = PBXFileReference; lastKnownFileType = folder.assetcatalog; path = Assets.xcassets; sourceTree = "<group>"; };
		5C1F6B502A9B0D3400E87DE2 /* Preview Assets.xcassets */ = {isa = PBXFileReference; lastKnownFileType = folder.assetcatalog; path = "Preview Assets.xcassets"; sourceTree = "<group>"; };
		5C1F6B562A9B0D3400E87DE2 /* OpenSkyFlightTrackerTests.xctest */ = {isa = PBXFileReference; explicitFileType = wrapper.cfbundle; includeInIndex = 0; path = OpenSkyFlightTrackerTests.xctest; sourceTree = BUILT_PRODUCTS_DIR; };
		5C1F6B5A2A9B0D3400E87DE2 /* OpenSkyFlightTrackerTests.swift */ = {isa = PBXFileReference; lastKnownFileType = sourcecode.swift; path = OpenSkyFlightTrackerTests.swift; sourceTree = "<group>"; };
		5C1F6B602A9B0D3400E87DE2 /* OpenSkyFlightTrackerUITests.xctest */ = {isa = PBXFileReference; explicitFileType = wrapper.cfbundle; includeInIndex = 0; path = OpenSkyFlightTrackerUITests.xctest; sourceTree = BUILT_PRODUCTS_DIR; };
		5C1F6B642A9B0D3400E87DE2 /* OpenSky_Flight_TrackerUITests.swift */ = {isa = PBXFileReference; lastKnownFileType = sourcecode.swift; path = OpenSky_Flight_TrackerUITests.swift; sourceTree = "<group>"; };
		5C1F6B662A9B0D3400E87DE2 /* OpenSky_Flight_TrackerUITestsLaunchTests.swift */ = {isa = PBXFileReference; lastKnownFileType = sourcecode.swift; path = OpenSky_Flight_TrackerUITestsLaunchTests.swift; sourceTree = "<group>"; };
		5C1F6B802A9FBFBE00E87DE2 /* ViewModel.swift */ = {isa = PBXFileReference; lastKnownFileType = sourcecode.swift; path = ViewModel.swift; sourceTree = "<group>"; };
		5C1F6B822A9FCCE500E87DE2 /* MockOpenSkyServiceTests.swift */ = {isa = PBXFileReference; lastKnownFileType = sourcecode.swift; path = MockOpenSkyServiceTests.swift; sourceTree = "<group>"; };
		5C1F6B842A9FEEDB00E87DE2 /* Configuration.swift */ = {isa = PBXFileReference; lastKnownFileType = sourcecode.swift; path = Configuration.swift; sourceTree = "<group>"; };
		5C1F6B862A9FEFB300E87DE2 /* ProdNetwork.xcconfig */ = {isa = PBXFileReference; lastKnownFileType = text.xcconfig; path = ProdNetwork.xcconfig; sourceTree = "<group>"; };
		5C1F6B882A9FF19F00E87DE2 /* OpenSkyFlightTracker-Info.plist */ = {isa = PBXFileReference; lastKnownFileType = text.plist.xml; path = "OpenSkyFlightTracker-Info.plist"; sourceTree = SOURCE_ROOT; };
		5C1F6BAA2AA14BA600E87DE2 /* MockURLProtocol.swift */ = {isa = PBXFileReference; lastKnownFileType = sourcecode.swift; path = MockURLProtocol.swift; sourceTree = "<group>"; };
		5C9DD1312AB4BA390008A840 /* MapView.swift */ = {isa = PBXFileReference; lastKnownFileType = sourcecode.swift; path = MapView.swift; sourceTree = "<group>"; };
		5C9DD13A2AB4D2050008A840 /* CLLocationProvider.swift */ = {isa = PBXFileReference; lastKnownFileType = sourcecode.swift; path = CLLocationProvider.swift; sourceTree = "<group>"; };
		5C9DD13D2AB4D36F0008A840 /* LoggerExtension.swift */ = {isa = PBXFileReference; lastKnownFileType = sourcecode.swift; path = LoggerExtension.swift; sourceTree = "<group>"; };
		5C9DD13F2AB5294A0008A840 /* CLExtensions.swift */ = {isa = PBXFileReference; lastKnownFileType = sourcecode.swift; path = CLExtensions.swift; sourceTree = "<group>"; };
		5C9DD1412AB7F2E10008A840 /* BundleExtension.swift */ = {isa = PBXFileReference; lastKnownFileType = sourcecode.swift; path = BundleExtension.swift; sourceTree = "<group>"; };
		5CF367C72AA90D8F0029D4CE /* OpenSkyFlightTrackerTests-Info.plist */ = {isa = PBXFileReference; lastKnownFileType = text.plist.xml; path = "OpenSkyFlightTrackerTests-Info.plist"; sourceTree = SOURCE_ROOT; };
		5CF3BC4A2AA909AB00E83083 /* OpenSkyServiceTests.swift */ = {isa = PBXFileReference; lastKnownFileType = sourcecode.swift; path = OpenSkyServiceTests.swift; sourceTree = "<group>"; };
/* End PBXFileReference section */

/* Begin PBXFrameworksBuildPhase section */
		5C1F6B432A9B0D3300E87DE2 /* Frameworks */ = {
			isa = PBXFrameworksBuildPhase;
			buildActionMask = 2147483647;
			files = (
				5C9DD1392AB4C78B0008A840 /* OpenSkyAPI in Frameworks */,
			);
			runOnlyForDeploymentPostprocessing = 0;
		};
		5C1F6B532A9B0D3400E87DE2 /* Frameworks */ = {
			isa = PBXFrameworksBuildPhase;
			buildActionMask = 2147483647;
			files = (
			);
			runOnlyForDeploymentPostprocessing = 0;
		};
		5C1F6B5D2A9B0D3400E87DE2 /* Frameworks */ = {
			isa = PBXFrameworksBuildPhase;
			buildActionMask = 2147483647;
			files = (
			);
			runOnlyForDeploymentPostprocessing = 0;
		};
/* End PBXFrameworksBuildPhase section */

/* Begin PBXGroup section */
		5C1F6B3D2A9B0D3300E87DE2 = {
			isa = PBXGroup;
			children = (
				5C1F6B862A9FEFB300E87DE2 /* ProdNetwork.xcconfig */,
				5C1F6B482A9B0D3300E87DE2 /* OpenSkyFlightTracker */,
				5C1F6B592A9B0D3400E87DE2 /* OpenSkyFlightTrackerTests */,
				5C1F6B632A9B0D3400E87DE2 /* OpenSkyFlightTrackerUITests */,
				5C1F6B472A9B0D3300E87DE2 /* Products */,
			);
			sourceTree = "<group>";
		};
		5C1F6B472A9B0D3300E87DE2 /* Products */ = {
			isa = PBXGroup;
			children = (
				5C1F6B462A9B0D3300E87DE2 /* OpenSkyFlightTracker.app */,
				5C1F6B562A9B0D3400E87DE2 /* OpenSkyFlightTrackerTests.xctest */,
				5C1F6B602A9B0D3400E87DE2 /* OpenSkyFlightTrackerUITests.xctest */,
			);
			name = Products;
			sourceTree = "<group>";
		};
		5C1F6B482A9B0D3300E87DE2 /* OpenSkyFlightTracker */ = {
			isa = PBXGroup;
			children = (
				5C9DD13C2AB4D3550008A840 /* Extensions */,
				5C1F6B4D2A9B0D3400E87DE2 /* Assets.xcassets */,
				5C1F6B4B2A9B0D3300E87DE2 /* ContentView.swift */,
				5C1F6B882A9FF19F00E87DE2 /* OpenSkyFlightTracker-Info.plist */,
				5C1F6B492A9B0D3300E87DE2 /* OpenSkyFlightTrackerApp.swift */,
				5C1F6B4F2A9B0D3400E87DE2 /* Preview Content */,
				5CDC0BD92AAD2CD40000047C /* Utilities */,
				5C1F6B7F2A9FBF9F00E87DE2 /* ViewModels */,
				5C9DD1312AB4BA390008A840 /* MapView.swift */,
			);
			path = OpenSkyFlightTracker;
			sourceTree = "<group>";
		};
		5C1F6B4F2A9B0D3400E87DE2 /* Preview Content */ = {
			isa = PBXGroup;
			children = (
				5C1F6B502A9B0D3400E87DE2 /* Preview Assets.xcassets */,
			);
			path = "Preview Content";
			sourceTree = "<group>";
		};
		5C1F6B592A9B0D3400E87DE2 /* OpenSkyFlightTrackerTests */ = {
			isa = PBXGroup;
			children = (
				5C1F6B822A9FCCE500E87DE2 /* MockOpenSkyServiceTests.swift */,
				5C1F6BA92AA14B8B00E87DE2 /* Mocks */,
				5C1F6B5A2A9B0D3400E87DE2 /* OpenSkyFlightTrackerTests.swift */,
				5CF367C72AA90D8F0029D4CE /* OpenSkyFlightTrackerTests-Info.plist */,
				5CF3BC4A2AA909AB00E83083 /* OpenSkyServiceTests.swift */,
			);
			path = OpenSkyFlightTrackerTests;
			sourceTree = "<group>";
		};
		5C1F6B632A9B0D3400E87DE2 /* OpenSkyFlightTrackerUITests */ = {
			isa = PBXGroup;
			children = (
				5C1F6B642A9B0D3400E87DE2 /* OpenSky_Flight_TrackerUITests.swift */,
				5C1F6B662A9B0D3400E87DE2 /* OpenSky_Flight_TrackerUITestsLaunchTests.swift */,
			);
			path = OpenSkyFlightTrackerUITests;
			sourceTree = "<group>";
		};
		5C1F6B7F2A9FBF9F00E87DE2 /* ViewModels */ = {
			isa = PBXGroup;
			children = (
				5C1F6B802A9FBFBE00E87DE2 /* ViewModel.swift */,
			);
			path = ViewModels;
			sourceTree = "<group>";
		};
		5C1F6BA92AA14B8B00E87DE2 /* Mocks */ = {
			isa = PBXGroup;
			children = (
				5C1F6BAA2AA14BA600E87DE2 /* MockURLProtocol.swift */,
			);
			path = Mocks;
			sourceTree = "<group>";
		};
		5C9DD13C2AB4D3550008A840 /* Extensions */ = {
			isa = PBXGroup;
			children = (
				5C9DD1412AB7F2E10008A840 /* BundleExtension.swift */,
				5C9DD13F2AB5294A0008A840 /* CLExtensions.swift */,
				5C9DD13D2AB4D36F0008A840 /* LoggerExtension.swift */,
			);
			path = Extensions;
			sourceTree = "<group>";
		};
		5CDC0BD92AAD2CD40000047C /* Utilities */ = {
			isa = PBXGroup;
			children = (
				5C1F6B842A9FEEDB00E87DE2 /* Configuration.swift */,
				5C9DD13A2AB4D2050008A840 /* CLLocationProvider.swift */,
			);
			path = Utilities;
			sourceTree = "<group>";
		};
/* End PBXGroup section */

/* Begin PBXNativeTarget section */
		5C1F6B452A9B0D3300E87DE2 /* OpenSkyFlightTracker */ = {
			isa = PBXNativeTarget;
			buildConfigurationList = 5C1F6B6A2A9B0D3400E87DE2 /* Build configuration list for PBXNativeTarget "OpenSkyFlightTracker" */;
			buildPhases = (
				5C1F6B422A9B0D3300E87DE2 /* Sources */,
				5C1F6B432A9B0D3300E87DE2 /* Frameworks */,
				5C1F6B442A9B0D3300E87DE2 /* Resources */,
			);
			buildRules = (
			);
			dependencies = (
			);
			name = OpenSkyFlightTracker;
			packageProductDependencies = (
				5C9DD1382AB4C78B0008A840 /* OpenSkyAPI */,
			);
			productName = "OpenSky Flight Tracker";
			productReference = 5C1F6B462A9B0D3300E87DE2 /* OpenSkyFlightTracker.app */;
			productType = "com.apple.product-type.application";
		};
		5C1F6B552A9B0D3400E87DE2 /* OpenSkyFlightTrackerTests */ = {
			isa = PBXNativeTarget;
			buildConfigurationList = 5C1F6B6D2A9B0D3400E87DE2 /* Build configuration list for PBXNativeTarget "OpenSkyFlightTrackerTests" */;
			buildPhases = (
				5C1F6B522A9B0D3400E87DE2 /* Sources */,
				5C1F6B532A9B0D3400E87DE2 /* Frameworks */,
				5C1F6B542A9B0D3400E87DE2 /* Resources */,
			);
			buildRules = (
			);
			dependencies = (
				5C1F6B582A9B0D3400E87DE2 /* PBXTargetDependency */,
			);
			name = OpenSkyFlightTrackerTests;
			productName = "OpenSky Flight TrackerTests";
			productReference = 5C1F6B562A9B0D3400E87DE2 /* OpenSkyFlightTrackerTests.xctest */;
			productType = "com.apple.product-type.bundle.unit-test";
		};
		5C1F6B5F2A9B0D3400E87DE2 /* OpenSkyFlightTrackerUITests */ = {
			isa = PBXNativeTarget;
			buildConfigurationList = 5C1F6B702A9B0D3400E87DE2 /* Build configuration list for PBXNativeTarget "OpenSkyFlightTrackerUITests" */;
			buildPhases = (
				5C1F6B5C2A9B0D3400E87DE2 /* Sources */,
				5C1F6B5D2A9B0D3400E87DE2 /* Frameworks */,
				5C1F6B5E2A9B0D3400E87DE2 /* Resources */,
			);
			buildRules = (
			);
			dependencies = (
				5C1F6B622A9B0D3400E87DE2 /* PBXTargetDependency */,
			);
			name = OpenSkyFlightTrackerUITests;
			productName = "OpenSky Flight TrackerUITests";
			productReference = 5C1F6B602A9B0D3400E87DE2 /* OpenSkyFlightTrackerUITests.xctest */;
			productType = "com.apple.product-type.bundle.ui-testing";
		};
/* End PBXNativeTarget section */

/* Begin PBXProject section */
		5C1F6B3E2A9B0D3300E87DE2 /* Project object */ = {
			isa = PBXProject;
			attributes = {
				BuildIndependentTargetsInParallel = 1;
				LastSwiftUpdateCheck = 1430;
				LastUpgradeCheck = 1430;
				TargetAttributes = {
					5C1F6B452A9B0D3300E87DE2 = {
						CreatedOnToolsVersion = 14.3.1;
					};
					5C1F6B552A9B0D3400E87DE2 = {
						CreatedOnToolsVersion = 14.3.1;
						TestTargetID = 5C1F6B452A9B0D3300E87DE2;
					};
					5C1F6B5F2A9B0D3400E87DE2 = {
						CreatedOnToolsVersion = 14.3.1;
						TestTargetID = 5C1F6B452A9B0D3300E87DE2;
					};
				};
			};
			buildConfigurationList = 5C1F6B412A9B0D3300E87DE2 /* Build configuration list for PBXProject "OpenSkyFlightTracker" */;
			compatibilityVersion = "Xcode 14.0";
			developmentRegion = en;
			hasScannedForEncodings = 0;
			knownRegions = (
				en,
				Base,
			);
			mainGroup = 5C1F6B3D2A9B0D3300E87DE2;
			packageReferences = (
				5C9DD1372AB4C78B0008A840 /* XCLocalSwiftPackageReference "../OpenSkyAPI" */,
			);
			productRefGroup = 5C1F6B472A9B0D3300E87DE2 /* Products */;
			projectDirPath = "";
			projectRoot = "";
			targets = (
				5C1F6B452A9B0D3300E87DE2 /* OpenSkyFlightTracker */,
				5C1F6B552A9B0D3400E87DE2 /* OpenSkyFlightTrackerTests */,
				5C1F6B5F2A9B0D3400E87DE2 /* OpenSkyFlightTrackerUITests */,
			);
		};
/* End PBXProject section */

/* Begin PBXResourcesBuildPhase section */
		5C1F6B442A9B0D3300E87DE2 /* Resources */ = {
			isa = PBXResourcesBuildPhase;
			buildActionMask = 2147483647;
			files = (
				5C1F6B512A9B0D3400E87DE2 /* Preview Assets.xcassets in Resources */,
				5C1F6B872A9FF15D00E87DE2 /* ProdNetwork.xcconfig in Resources */,
				5C1F6B4E2A9B0D3400E87DE2 /* Assets.xcassets in Resources */,
			);
			runOnlyForDeploymentPostprocessing = 0;
		};
		5C1F6B542A9B0D3400E87DE2 /* Resources */ = {
			isa = PBXResourcesBuildPhase;
			buildActionMask = 2147483647;
			files = (
			);
			runOnlyForDeploymentPostprocessing = 0;
		};
		5C1F6B5E2A9B0D3400E87DE2 /* Resources */ = {
			isa = PBXResourcesBuildPhase;
			buildActionMask = 2147483647;
			files = (
			);
			runOnlyForDeploymentPostprocessing = 0;
		};
/* End PBXResourcesBuildPhase section */

/* Begin PBXSourcesBuildPhase section */
		5C1F6B422A9B0D3300E87DE2 /* Sources */ = {
			isa = PBXSourcesBuildPhase;
			buildActionMask = 2147483647;
			files = (
				5C9DD13B2AB4D2050008A840 /* CLLocationProvider.swift in Sources */,
				5C1F6B4C2A9B0D3300E87DE2 /* ContentView.swift in Sources */,
				5C9DD1422AB7F2E10008A840 /* BundleExtension.swift in Sources */,
				5C1F6B852A9FEEDB00E87DE2 /* Configuration.swift in Sources */,
				5C9DD1402AB5294A0008A840 /* CLExtensions.swift in Sources */,
				5C9DD1322AB4BA390008A840 /* MapView.swift in Sources */,
				5C1F6B4A2A9B0D3300E87DE2 /* OpenSkyFlightTrackerApp.swift in Sources */,
				5C9DD13E2AB4D36F0008A840 /* LoggerExtension.swift in Sources */,
				5C1F6B812A9FBFBE00E87DE2 /* ViewModel.swift in Sources */,
			);
			runOnlyForDeploymentPostprocessing = 0;
		};
		5C1F6B522A9B0D3400E87DE2 /* Sources */ = {
			isa = PBXSourcesBuildPhase;
			buildActionMask = 2147483647;
			files = (
				5C1F6B832A9FCCE500E87DE2 /* MockOpenSkyServiceTests.swift in Sources */,
				5CF3BC4B2AA909AB00E83083 /* OpenSkyServiceTests.swift in Sources */,
				5C1F6B5B2A9B0D3400E87DE2 /* OpenSkyFlightTrackerTests.swift in Sources */,
				5C1F6BAB2AA14BA600E87DE2 /* MockURLProtocol.swift in Sources */,
			);
			runOnlyForDeploymentPostprocessing = 0;
		};
		5C1F6B5C2A9B0D3400E87DE2 /* Sources */ = {
			isa = PBXSourcesBuildPhase;
			buildActionMask = 2147483647;
			files = (
				5C1F6B652A9B0D3400E87DE2 /* OpenSky_Flight_TrackerUITests.swift in Sources */,
				5C1F6B672A9B0D3400E87DE2 /* OpenSky_Flight_TrackerUITestsLaunchTests.swift in Sources */,
			);
			runOnlyForDeploymentPostprocessing = 0;
		};
/* End PBXSourcesBuildPhase section */

/* Begin PBXTargetDependency section */
		5C1F6B582A9B0D3400E87DE2 /* PBXTargetDependency */ = {
			isa = PBXTargetDependency;
			target = 5C1F6B452A9B0D3300E87DE2 /* OpenSkyFlightTracker */;
			targetProxy = 5C1F6B572A9B0D3400E87DE2 /* PBXContainerItemProxy */;
		};
		5C1F6B622A9B0D3400E87DE2 /* PBXTargetDependency */ = {
			isa = PBXTargetDependency;
			target = 5C1F6B452A9B0D3300E87DE2 /* OpenSkyFlightTracker */;
			targetProxy = 5C1F6B612A9B0D3400E87DE2 /* PBXContainerItemProxy */;
		};
/* End PBXTargetDependency section */

/* Begin XCBuildConfiguration section */
		5C1F6B682A9B0D3400E87DE2 /* Debug */ = {
			isa = XCBuildConfiguration;
			baseConfigurationReference = 5C1F6B862A9FEFB300E87DE2 /* ProdNetwork.xcconfig */;
			buildSettings = {
				ALWAYS_SEARCH_USER_PATHS = NO;
				CLANG_ANALYZER_NONNULL = YES;
				CLANG_ANALYZER_NUMBER_OBJECT_CONVERSION = YES_AGGRESSIVE;
				CLANG_CXX_LANGUAGE_STANDARD = "gnu++20";
				CLANG_ENABLE_MODULES = YES;
				CLANG_ENABLE_OBJC_ARC = YES;
				CLANG_ENABLE_OBJC_WEAK = YES;
				CLANG_WARN_BLOCK_CAPTURE_AUTORELEASING = YES;
				CLANG_WARN_BOOL_CONVERSION = YES;
				CLANG_WARN_COMMA = YES;
				CLANG_WARN_CONSTANT_CONVERSION = YES;
				CLANG_WARN_DEPRECATED_OBJC_IMPLEMENTATIONS = YES;
				CLANG_WARN_DIRECT_OBJC_ISA_USAGE = YES_ERROR;
				CLANG_WARN_DOCUMENTATION_COMMENTS = YES;
				CLANG_WARN_EMPTY_BODY = YES;
				CLANG_WARN_ENUM_CONVERSION = YES;
				CLANG_WARN_INFINITE_RECURSION = YES;
				CLANG_WARN_INT_CONVERSION = YES;
				CLANG_WARN_NON_LITERAL_NULL_CONVERSION = YES;
				CLANG_WARN_OBJC_IMPLICIT_RETAIN_SELF = YES;
				CLANG_WARN_OBJC_LITERAL_CONVERSION = YES;
				CLANG_WARN_OBJC_ROOT_CLASS = YES_ERROR;
				CLANG_WARN_QUOTED_INCLUDE_IN_FRAMEWORK_HEADER = YES;
				CLANG_WARN_RANGE_LOOP_ANALYSIS = YES;
				CLANG_WARN_STRICT_PROTOTYPES = YES;
				CLANG_WARN_SUSPICIOUS_MOVE = YES;
				CLANG_WARN_UNGUARDED_AVAILABILITY = YES_AGGRESSIVE;
				CLANG_WARN_UNREACHABLE_CODE = YES;
				CLANG_WARN__DUPLICATE_METHOD_MATCH = YES;
				COPY_PHASE_STRIP = NO;
				DEBUG_INFORMATION_FORMAT = dwarf;
				ENABLE_STRICT_OBJC_MSGSEND = YES;
				ENABLE_TESTABILITY = YES;
				GCC_C_LANGUAGE_STANDARD = gnu11;
				GCC_DYNAMIC_NO_PIC = NO;
				GCC_NO_COMMON_BLOCKS = YES;
				GCC_OPTIMIZATION_LEVEL = 0;
				GCC_PREPROCESSOR_DEFINITIONS = (
					"DEBUG=1",
					"$(inherited)",
				);
				GCC_WARN_64_TO_32_BIT_CONVERSION = YES;
				GCC_WARN_ABOUT_RETURN_TYPE = YES_ERROR;
				GCC_WARN_UNDECLARED_SELECTOR = YES;
				GCC_WARN_UNINITIALIZED_AUTOS = YES_AGGRESSIVE;
				GCC_WARN_UNUSED_FUNCTION = YES;
				GCC_WARN_UNUSED_VARIABLE = YES;
				IPHONEOS_DEPLOYMENT_TARGET = 17.0;
				MTL_ENABLE_DEBUG_INFO = INCLUDE_SOURCE;
				MTL_FAST_MATH = YES;
				ONLY_ACTIVE_ARCH = YES;
				SDKROOT = iphoneos;
				SWIFT_ACTIVE_COMPILATION_CONDITIONS = DEBUG;
				SWIFT_OPTIMIZATION_LEVEL = "-Onone";
			};
			name = Debug;
		};
		5C1F6B692A9B0D3400E87DE2 /* Release */ = {
			isa = XCBuildConfiguration;
			baseConfigurationReference = 5C1F6B862A9FEFB300E87DE2 /* ProdNetwork.xcconfig */;
			buildSettings = {
				ALWAYS_SEARCH_USER_PATHS = NO;
				CLANG_ANALYZER_NONNULL = YES;
				CLANG_ANALYZER_NUMBER_OBJECT_CONVERSION = YES_AGGRESSIVE;
				CLANG_CXX_LANGUAGE_STANDARD = "gnu++20";
				CLANG_ENABLE_MODULES = YES;
				CLANG_ENABLE_OBJC_ARC = YES;
				CLANG_ENABLE_OBJC_WEAK = YES;
				CLANG_WARN_BLOCK_CAPTURE_AUTORELEASING = YES;
				CLANG_WARN_BOOL_CONVERSION = YES;
				CLANG_WARN_COMMA = YES;
				CLANG_WARN_CONSTANT_CONVERSION = YES;
				CLANG_WARN_DEPRECATED_OBJC_IMPLEMENTATIONS = YES;
				CLANG_WARN_DIRECT_OBJC_ISA_USAGE = YES_ERROR;
				CLANG_WARN_DOCUMENTATION_COMMENTS = YES;
				CLANG_WARN_EMPTY_BODY = YES;
				CLANG_WARN_ENUM_CONVERSION = YES;
				CLANG_WARN_INFINITE_RECURSION = YES;
				CLANG_WARN_INT_CONVERSION = YES;
				CLANG_WARN_NON_LITERAL_NULL_CONVERSION = YES;
				CLANG_WARN_OBJC_IMPLICIT_RETAIN_SELF = YES;
				CLANG_WARN_OBJC_LITERAL_CONVERSION = YES;
				CLANG_WARN_OBJC_ROOT_CLASS = YES_ERROR;
				CLANG_WARN_QUOTED_INCLUDE_IN_FRAMEWORK_HEADER = YES;
				CLANG_WARN_RANGE_LOOP_ANALYSIS = YES;
				CLANG_WARN_STRICT_PROTOTYPES = YES;
				CLANG_WARN_SUSPICIOUS_MOVE = YES;
				CLANG_WARN_UNGUARDED_AVAILABILITY = YES_AGGRESSIVE;
				CLANG_WARN_UNREACHABLE_CODE = YES;
				CLANG_WARN__DUPLICATE_METHOD_MATCH = YES;
				COPY_PHASE_STRIP = NO;
				DEBUG_INFORMATION_FORMAT = "dwarf-with-dsym";
				ENABLE_NS_ASSERTIONS = NO;
				ENABLE_STRICT_OBJC_MSGSEND = YES;
				GCC_C_LANGUAGE_STANDARD = gnu11;
				GCC_NO_COMMON_BLOCKS = YES;
				GCC_WARN_64_TO_32_BIT_CONVERSION = YES;
				GCC_WARN_ABOUT_RETURN_TYPE = YES_ERROR;
				GCC_WARN_UNDECLARED_SELECTOR = YES;
				GCC_WARN_UNINITIALIZED_AUTOS = YES_AGGRESSIVE;
				GCC_WARN_UNUSED_FUNCTION = YES;
				GCC_WARN_UNUSED_VARIABLE = YES;
				IPHONEOS_DEPLOYMENT_TARGET = 17.0;
				MTL_ENABLE_DEBUG_INFO = NO;
				MTL_FAST_MATH = YES;
				SDKROOT = iphoneos;
				SWIFT_COMPILATION_MODE = wholemodule;
				SWIFT_OPTIMIZATION_LEVEL = "-O";
				VALIDATE_PRODUCT = YES;
			};
			name = Release;
		};
		5C1F6B6B2A9B0D3400E87DE2 /* Debug */ = {
			isa = XCBuildConfiguration;
			buildSettings = {
				ASSETCATALOG_COMPILER_APPICON_NAME = AppIcon;
				ASSETCATALOG_COMPILER_GLOBAL_ACCENT_COLOR_NAME = AccentColor;
				CODE_SIGN_STYLE = Automatic;
				CURRENT_PROJECT_VERSION = 1;
				DEVELOPMENT_ASSET_PATHS = "\"OpenSkyFlightTracker/Preview Content\"";
				DEVELOPMENT_TEAM = 4887CWSKD9;
				ENABLE_PREVIEWS = YES;
				GENERATE_INFOPLIST_FILE = YES;
				INFOPLIST_FILE = "OpenSkyFlightTracker-Info.plist";
				INFOPLIST_KEY_NSLocationAlwaysAndWhenInUseUsageDescription = "So we can generate a monitoring reagion based on your current location.";
				INFOPLIST_KEY_NSLocationWhenInUseUsageDescription = "So we can generate a monitoring reagion based on your current location.";
				INFOPLIST_KEY_UIApplicationSceneManifest_Generation = YES;
				INFOPLIST_KEY_UIApplicationSupportsIndirectInputEvents = YES;
				INFOPLIST_KEY_UILaunchScreen_Generation = YES;
				INFOPLIST_KEY_UISupportedInterfaceOrientations_iPad = "UIInterfaceOrientationPortrait UIInterfaceOrientationPortraitUpsideDown UIInterfaceOrientationLandscapeLeft UIInterfaceOrientationLandscapeRight";
				INFOPLIST_KEY_UISupportedInterfaceOrientations_iPhone = "UIInterfaceOrientationPortrait UIInterfaceOrientationLandscapeLeft UIInterfaceOrientationLandscapeRight";
				LD_RUNPATH_SEARCH_PATHS = (
					"$(inherited)",
					"@executable_path/Frameworks",
				);
				MARKETING_VERSION = 1.0;
				PRODUCT_BUNDLE_IDENTIFIER = com.cdellc.OpenSkyFlightTracker;
				PRODUCT_NAME = "$(TARGET_NAME)";
				SWIFT_EMIT_LOC_STRINGS = YES;
				SWIFT_VERSION = 5.0;
				TARGETED_DEVICE_FAMILY = "1,2";
			};
			name = Debug;
		};
		5C1F6B6C2A9B0D3400E87DE2 /* Release */ = {
			isa = XCBuildConfiguration;
			buildSettings = {
				ASSETCATALOG_COMPILER_APPICON_NAME = AppIcon;
				ASSETCATALOG_COMPILER_GLOBAL_ACCENT_COLOR_NAME = AccentColor;
				CODE_SIGN_STYLE = Automatic;
				CURRENT_PROJECT_VERSION = 1;
				DEVELOPMENT_ASSET_PATHS = "\"OpenSkyFlightTracker/Preview Content\"";
				DEVELOPMENT_TEAM = 4887CWSKD9;
				ENABLE_PREVIEWS = YES;
				GENERATE_INFOPLIST_FILE = YES;
				INFOPLIST_FILE = "OpenSkyFlightTracker-Info.plist";
				INFOPLIST_KEY_NSLocationAlwaysAndWhenInUseUsageDescription = "So we can generate a monitoring reagion based on your current location.";
				INFOPLIST_KEY_NSLocationWhenInUseUsageDescription = "So we can generate a monitoring reagion based on your current location.";
				INFOPLIST_KEY_UIApplicationSceneManifest_Generation = YES;
				INFOPLIST_KEY_UIApplicationSupportsIndirectInputEvents = YES;
				INFOPLIST_KEY_UILaunchScreen_Generation = YES;
				INFOPLIST_KEY_UISupportedInterfaceOrientations_iPad = "UIInterfaceOrientationPortrait UIInterfaceOrientationPortraitUpsideDown UIInterfaceOrientationLandscapeLeft UIInterfaceOrientationLandscapeRight";
				INFOPLIST_KEY_UISupportedInterfaceOrientations_iPhone = "UIInterfaceOrientationPortrait UIInterfaceOrientationLandscapeLeft UIInterfaceOrientationLandscapeRight";
				LD_RUNPATH_SEARCH_PATHS = (
					"$(inherited)",
					"@executable_path/Frameworks",
				);
				MARKETING_VERSION = 1.0;
				PRODUCT_BUNDLE_IDENTIFIER = com.cdellc.OpenSkyFlightTracker;
				PRODUCT_NAME = "$(TARGET_NAME)";
				SWIFT_EMIT_LOC_STRINGS = YES;
				SWIFT_VERSION = 5.0;
				TARGETED_DEVICE_FAMILY = "1,2";
			};
			name = Release;
		};
		5C1F6B6E2A9B0D3400E87DE2 /* Debug */ = {
			isa = XCBuildConfiguration;
			buildSettings = {
				ALWAYS_EMBED_SWIFT_STANDARD_LIBRARIES = YES;
				BUNDLE_LOADER = "$(TEST_HOST)";
				CODE_SIGN_STYLE = Automatic;
				CURRENT_PROJECT_VERSION = 1;
				DEVELOPMENT_TEAM = 4887CWSKD9;
				GENERATE_INFOPLIST_FILE = YES;
				INFOPLIST_FILE = "OpenSkyFlightTrackerTests-Info.plist";
				INFOPLIST_KEY_LSApplicationCategoryType = "";
				IPHONEOS_DEPLOYMENT_TARGET = 17.0;
				MARKETING_VERSION = 1.0;
				PRODUCT_BUNDLE_IDENTIFIER = "Crawford-Design-Engineering--LLC.OpenSky-Flight-TrackerTests";
				PRODUCT_NAME = "$(TARGET_NAME)";
				SWIFT_EMIT_LOC_STRINGS = NO;
				SWIFT_VERSION = 5.0;
				TARGETED_DEVICE_FAMILY = "1,2";
				TEST_HOST = "$(BUILT_PRODUCTS_DIR)/OpenSkyFlightTracker.app/$(BUNDLE_EXECUTABLE_FOLDER_PATH)/OpenSkyFlightTracker";
			};
			name = Debug;
		};
		5C1F6B6F2A9B0D3400E87DE2 /* Release */ = {
			isa = XCBuildConfiguration;
			buildSettings = {
				ALWAYS_EMBED_SWIFT_STANDARD_LIBRARIES = YES;
				BUNDLE_LOADER = "$(TEST_HOST)";
				CODE_SIGN_STYLE = Automatic;
				CURRENT_PROJECT_VERSION = 1;
				DEVELOPMENT_TEAM = 4887CWSKD9;
				GENERATE_INFOPLIST_FILE = YES;
				INFOPLIST_FILE = "OpenSkyFlightTrackerTests-Info.plist";
				INFOPLIST_KEY_LSApplicationCategoryType = "";
				IPHONEOS_DEPLOYMENT_TARGET = 17.0;
				MARKETING_VERSION = 1.0;
				PRODUCT_BUNDLE_IDENTIFIER = "Crawford-Design-Engineering--LLC.OpenSky-Flight-TrackerTests";
				PRODUCT_NAME = "$(TARGET_NAME)";
				SWIFT_EMIT_LOC_STRINGS = NO;
				SWIFT_VERSION = 5.0;
				TARGETED_DEVICE_FAMILY = "1,2";
				TEST_HOST = "$(BUILT_PRODUCTS_DIR)/OpenSkyFlightTracker.app/$(BUNDLE_EXECUTABLE_FOLDER_PATH)/OpenSkyFlightTracker";
			};
			name = Release;
		};
		5C1F6B712A9B0D3400E87DE2 /* Debug */ = {
			isa = XCBuildConfiguration;
			buildSettings = {
				ALWAYS_EMBED_SWIFT_STANDARD_LIBRARIES = YES;
				CODE_SIGN_STYLE = Automatic;
				CURRENT_PROJECT_VERSION = 1;
				DEVELOPMENT_TEAM = 4887CWSKD9;
				GENERATE_INFOPLIST_FILE = YES;
				MARKETING_VERSION = 1.0;
				PRODUCT_BUNDLE_IDENTIFIER = "Crawford-Design-Engineering--LLC.OpenSky-Flight-TrackerUITests";
				PRODUCT_NAME = "$(TARGET_NAME)";
				SWIFT_EMIT_LOC_STRINGS = NO;
				SWIFT_VERSION = 5.0;
				TARGETED_DEVICE_FAMILY = "1,2";
				TEST_TARGET_NAME = "OpenSky Flight Tracker";
			};
			name = Debug;
		};
		5C1F6B722A9B0D3400E87DE2 /* Release */ = {
			isa = XCBuildConfiguration;
			buildSettings = {
				ALWAYS_EMBED_SWIFT_STANDARD_LIBRARIES = YES;
				CODE_SIGN_STYLE = Automatic;
				CURRENT_PROJECT_VERSION = 1;
				DEVELOPMENT_TEAM = 4887CWSKD9;
				GENERATE_INFOPLIST_FILE = YES;
				MARKETING_VERSION = 1.0;
				PRODUCT_BUNDLE_IDENTIFIER = "Crawford-Design-Engineering--LLC.OpenSky-Flight-TrackerUITests";
				PRODUCT_NAME = "$(TARGET_NAME)";
				SWIFT_EMIT_LOC_STRINGS = NO;
				SWIFT_VERSION = 5.0;
				TARGETED_DEVICE_FAMILY = "1,2";
				TEST_TARGET_NAME = "OpenSky Flight Tracker";
			};
			name = Release;
		};
/* End XCBuildConfiguration section */

/* Begin XCConfigurationList section */
		5C1F6B412A9B0D3300E87DE2 /* Build configuration list for PBXProject "OpenSkyFlightTracker" */ = {
			isa = XCConfigurationList;
			buildConfigurations = (
				5C1F6B682A9B0D3400E87DE2 /* Debug */,
				5C1F6B692A9B0D3400E87DE2 /* Release */,
			);
			defaultConfigurationIsVisible = 0;
			defaultConfigurationName = Release;
		};
		5C1F6B6A2A9B0D3400E87DE2 /* Build configuration list for PBXNativeTarget "OpenSkyFlightTracker" */ = {
			isa = XCConfigurationList;
			buildConfigurations = (
				5C1F6B6B2A9B0D3400E87DE2 /* Debug */,
				5C1F6B6C2A9B0D3400E87DE2 /* Release */,
			);
			defaultConfigurationIsVisible = 0;
			defaultConfigurationName = Release;
		};
		5C1F6B6D2A9B0D3400E87DE2 /* Build configuration list for PBXNativeTarget "OpenSkyFlightTrackerTests" */ = {
			isa = XCConfigurationList;
			buildConfigurations = (
				5C1F6B6E2A9B0D3400E87DE2 /* Debug */,
				5C1F6B6F2A9B0D3400E87DE2 /* Release */,
			);
			defaultConfigurationIsVisible = 0;
			defaultConfigurationName = Release;
		};
		5C1F6B702A9B0D3400E87DE2 /* Build configuration list for PBXNativeTarget "OpenSkyFlightTrackerUITests" */ = {
			isa = XCConfigurationList;
			buildConfigurations = (
				5C1F6B712A9B0D3400E87DE2 /* Debug */,
				5C1F6B722A9B0D3400E87DE2 /* Release */,
			);
			defaultConfigurationIsVisible = 0;
			defaultConfigurationName = Release;
		};
/* End XCConfigurationList section */

/* Begin XCLocalSwiftPackageReference section */
		5C9DD1372AB4C78B0008A840 /* XCLocalSwiftPackageReference "../OpenSkyAPI" */ = {
			isa = XCLocalSwiftPackageReference;
			relativePath = ../OpenSkyAPI;
		};
/* End XCLocalSwiftPackageReference section */

/* Begin XCSwiftPackageProductDependency section */
		5C9DD1382AB4C78B0008A840 /* OpenSkyAPI */ = {
			isa = XCSwiftPackageProductDependency;
			productName = OpenSkyAPI;
		};
/* End XCSwiftPackageProductDependency section */
	};
	rootObject = 5C1F6B3E2A9B0D3300E87DE2 /* Project object */;
}
